
Microsoft Visual Studio Solution File, Format Version 12.00
# Visual Studio 14
VisualStudioVersion = 14.0.25420.1
MinimumVisualStudioVersion = 10.0.40219.1
Project("{FAE04EC0-301F-11D3-BF4B-00C04F79EFBC}") = "App.Core", "App.Core\App.Core.csproj", "{905BE310-8BFB-4178-A5C5-519C19642C9D}"
EndProject
Project("{FAE04EC0-301F-11D3-BF4B-00C04F79EFBC}") = "App.UI.Droid", "App.UI.Droid\App.UI.Droid.csproj", "{B4702DC9-63EA-4FEC-BEDC-F606C9BDCC02}"
EndProject
Project("{2150E333-8FDC-42A3-9474-1A3956D46DE8}") = "Build", "Build", "{1B3FCCC7-1974-46D8-A451-1C2E24ECDE85}"
	ProjectSection(SolutionItems) = preProject
		.gitattributes = .gitattributes
		.gitignore = .gitignore
		appveyor.yml = appveyor.yml
		tools\increment-android.ps1 = tools\increment-android.ps1
	EndProjectSection
EndProject
Global
	GlobalSection(SolutionConfigurationPlatforms) = preSolution
		Debug|Any CPU = Debug|Any CPU
		Release|Any CPU = Release|Any CPU
	EndGlobalSection
	GlobalSection(ProjectConfigurationPlatforms) = postSolution
		{905BE310-8BFB-4178-A5C5-519C19642C9D}.Debug|Any CPU.ActiveCfg = Debug|Any CPU
		{905BE310-8BFB-4178-A5C5-519C19642C9D}.Debug|Any CPU.Build.0 = Debug|Any CPU
		{905BE310-8BFB-4178-A5C5-519C19642C9D}.Release|Any CPU.ActiveCfg = Release|Any CPU
		{905BE310-8BFB-4178-A5C5-519C19642C9D}.Release|Any CPU.Build.0 = Release|Any CPU
		{B4702DC9-63EA-4FEC-BEDC-F606C9BDCC02}.Debug|Any CPU.ActiveCfg = Debug|Any CPU
		{B4702DC9-63EA-4FEC-BEDC-F606C9BDCC02}.Debug|Any CPU.Build.0 = Debug|Any CPU
		{B4702DC9-63EA-4FEC-BEDC-F606C9BDCC02}.Debug|Any CPU.Deploy.0 = Debug|Any CPU
		{B4702DC9-63EA-4FEC-BEDC-F606C9BDCC02}.Release|Any CPU.ActiveCfg = Release|Any CPU
		{B4702DC9-63EA-4FEC-BEDC-F606C9BDCC02}.Release|Any CPU.Build.0 = Release|Any CPU
		{B4702DC9-63EA-4FEC-BEDC-F606C9BDCC02}.Release|Any CPU.Deploy.0 = Release|Any CPU
	EndGlobalSection
	GlobalSection(SolutionProperties) = preSolution
		HideSolutionNode = FALSE
	EndGlobalSection
EndGlobal
