
Microsoft Visual Studio Solution File, Format Version 12.00
# Visual Studio 14
VisualStudioVersion = 14.0.25420.1
MinimumVisualStudioVersion = 10.0.40219.1
Project("{FAE04EC0-301F-11D3-BF4B-00C04F79EFBC}") = "App.Core", "App.Core\App.Core.csproj", "{905BE310-8BFB-4178-A5C5-519C19642C9D}"
EndProject
Project("{FAE04EC0-301F-11D3-BF4B-00C04F79EFBC}") = "App.UI.Droid", "App.UI.Droid\App.UI.Droid.csproj", "{B4702DC9-63EA-4FEC-BEDC-F606C9BDCC02}"
EndProject
Project("{2150E333-8FDC-42A3-9474-1A3956D46DE8}") = "Build", "Build", "{1B3FCCC7-1974-46D8-A451-1C2E24ECDE85}"
	ProjectSection(SolutionItems) = preProject
		.gitattributes = .gitattributes
		.gitignore = .gitignore
		appveyor.yml = appveyor.yml
		tools\increment-android.ps1 = tools\increment-android.ps1
		tools\publish_googleplay.py = tools\publish_googleplay.py
	EndProjectSection
EndProject
Project("{FAE04EC0-301F-11D3-BF4B-00C04F79EFBC}") = "App.UI.Touch", "App.UI.Touch\App.UI.Touch.csproj", "{A977B2F6-8D3E-4024-9671-08CD903EA248}"
EndProject
Global
	GlobalSection(SolutionConfigurationPlatforms) = preSolution
		Ad-Hoc|Any CPU = Ad-Hoc|Any CPU
		Ad-Hoc|iPhone = Ad-Hoc|iPhone
		Ad-Hoc|iPhoneSimulator = Ad-Hoc|iPhoneSimulator
		AppStore|Any CPU = AppStore|Any CPU
		AppStore|iPhone = AppStore|iPhone
		AppStore|iPhoneSimulator = AppStore|iPhoneSimulator
		Debug|Any CPU = Debug|Any CPU
		Debug|iPhone = Debug|iPhone
		Debug|iPhoneSimulator = Debug|iPhoneSimulator
		Release|Any CPU = Release|Any CPU
		Release|iPhone = Release|iPhone
		Release|iPhoneSimulator = Release|iPhoneSimulator
	EndGlobalSection
	GlobalSection(ProjectConfigurationPlatforms) = postSolution
		{905BE310-8BFB-4178-A5C5-519C19642C9D}.Ad-Hoc|Any CPU.ActiveCfg = Release|Any CPU
		{905BE310-8BFB-4178-A5C5-519C19642C9D}.Ad-Hoc|Any CPU.Build.0 = Release|Any CPU
		{905BE310-8BFB-4178-A5C5-519C19642C9D}.Ad-Hoc|iPhone.ActiveCfg = Release|Any CPU
		{905BE310-8BFB-4178-A5C5-519C19642C9D}.Ad-Hoc|iPhone.Build.0 = Release|Any CPU
		{905BE310-8BFB-4178-A5C5-519C19642C9D}.Ad-Hoc|iPhoneSimulator.ActiveCfg = Release|Any CPU
		{905BE310-8BFB-4178-A5C5-519C19642C9D}.Ad-Hoc|iPhoneSimulator.Build.0 = Release|Any CPU
		{905BE310-8BFB-4178-A5C5-519C19642C9D}.AppStore|Any CPU.ActiveCfg = Release|Any CPU
		{905BE310-8BFB-4178-A5C5-519C19642C9D}.AppStore|Any CPU.Build.0 = Release|Any CPU
		{905BE310-8BFB-4178-A5C5-519C19642C9D}.AppStore|iPhone.ActiveCfg = Release|Any CPU
		{905BE310-8BFB-4178-A5C5-519C19642C9D}.AppStore|iPhone.Build.0 = Release|Any CPU
		{905BE310-8BFB-4178-A5C5-519C19642C9D}.AppStore|iPhoneSimulator.ActiveCfg = Release|Any CPU
		{905BE310-8BFB-4178-A5C5-519C19642C9D}.AppStore|iPhoneSimulator.Build.0 = Release|Any CPU
		{905BE310-8BFB-4178-A5C5-519C19642C9D}.Debug|Any CPU.ActiveCfg = Debug|Any CPU
		{905BE310-8BFB-4178-A5C5-519C19642C9D}.Debug|Any CPU.Build.0 = Debug|Any CPU
		{905BE310-8BFB-4178-A5C5-519C19642C9D}.Debug|iPhone.ActiveCfg = Debug|Any CPU
		{905BE310-8BFB-4178-A5C5-519C19642C9D}.Debug|iPhone.Build.0 = Debug|Any CPU
		{905BE310-8BFB-4178-A5C5-519C19642C9D}.Debug|iPhoneSimulator.ActiveCfg = Debug|Any CPU
		{905BE310-8BFB-4178-A5C5-519C19642C9D}.Debug|iPhoneSimulator.Build.0 = Debug|Any CPU
		{905BE310-8BFB-4178-A5C5-519C19642C9D}.Release|Any CPU.ActiveCfg = Release|Any CPU
		{905BE310-8BFB-4178-A5C5-519C19642C9D}.Release|Any CPU.Build.0 = Release|Any CPU
		{905BE310-8BFB-4178-A5C5-519C19642C9D}.Release|iPhone.ActiveCfg = Release|Any CPU
		{905BE310-8BFB-4178-A5C5-519C19642C9D}.Release|iPhone.Build.0 = Release|Any CPU
		{905BE310-8BFB-4178-A5C5-519C19642C9D}.Release|iPhoneSimulator.ActiveCfg = Release|Any CPU
		{905BE310-8BFB-4178-A5C5-519C19642C9D}.Release|iPhoneSimulator.Build.0 = Release|Any CPU
		{B4702DC9-63EA-4FEC-BEDC-F606C9BDCC02}.Ad-Hoc|Any CPU.ActiveCfg = Release|Any CPU
		{B4702DC9-63EA-4FEC-BEDC-F606C9BDCC02}.Ad-Hoc|Any CPU.Build.0 = Release|Any CPU
		{B4702DC9-63EA-4FEC-BEDC-F606C9BDCC02}.Ad-Hoc|Any CPU.Deploy.0 = Release|Any CPU
		{B4702DC9-63EA-4FEC-BEDC-F606C9BDCC02}.Ad-Hoc|iPhone.ActiveCfg = Release|Any CPU
		{B4702DC9-63EA-4FEC-BEDC-F606C9BDCC02}.Ad-Hoc|iPhone.Build.0 = Release|Any CPU
		{B4702DC9-63EA-4FEC-BEDC-F606C9BDCC02}.Ad-Hoc|iPhone.Deploy.0 = Release|Any CPU
		{B4702DC9-63EA-4FEC-BEDC-F606C9BDCC02}.Ad-Hoc|iPhoneSimulator.ActiveCfg = Release|Any CPU
		{B4702DC9-63EA-4FEC-BEDC-F606C9BDCC02}.Ad-Hoc|iPhoneSimulator.Build.0 = Release|Any CPU
		{B4702DC9-63EA-4FEC-BEDC-F606C9BDCC02}.Ad-Hoc|iPhoneSimulator.Deploy.0 = Release|Any CPU
		{B4702DC9-63EA-4FEC-BEDC-F606C9BDCC02}.AppStore|Any CPU.ActiveCfg = Release|Any CPU
		{B4702DC9-63EA-4FEC-BEDC-F606C9BDCC02}.AppStore|Any CPU.Build.0 = Release|Any CPU
		{B4702DC9-63EA-4FEC-BEDC-F606C9BDCC02}.AppStore|Any CPU.Deploy.0 = Release|Any CPU
		{B4702DC9-63EA-4FEC-BEDC-F606C9BDCC02}.AppStore|iPhone.ActiveCfg = Release|Any CPU
		{B4702DC9-63EA-4FEC-BEDC-F606C9BDCC02}.AppStore|iPhone.Build.0 = Release|Any CPU
		{B4702DC9-63EA-4FEC-BEDC-F606C9BDCC02}.AppStore|iPhone.Deploy.0 = Release|Any CPU
		{B4702DC9-63EA-4FEC-BEDC-F606C9BDCC02}.AppStore|iPhoneSimulator.ActiveCfg = Release|Any CPU
		{B4702DC9-63EA-4FEC-BEDC-F606C9BDCC02}.AppStore|iPhoneSimulator.Build.0 = Release|Any CPU
		{B4702DC9-63EA-4FEC-BEDC-F606C9BDCC02}.AppStore|iPhoneSimulator.Deploy.0 = Release|Any CPU
		{B4702DC9-63EA-4FEC-BEDC-F606C9BDCC02}.Debug|Any CPU.ActiveCfg = Debug|Any CPU
		{B4702DC9-63EA-4FEC-BEDC-F606C9BDCC02}.Debug|Any CPU.Build.0 = Debug|Any CPU
		{B4702DC9-63EA-4FEC-BEDC-F606C9BDCC02}.Debug|Any CPU.Deploy.0 = Debug|Any CPU
		{B4702DC9-63EA-4FEC-BEDC-F606C9BDCC02}.Debug|iPhone.ActiveCfg = Debug|Any CPU
		{B4702DC9-63EA-4FEC-BEDC-F606C9BDCC02}.Debug|iPhone.Build.0 = Debug|Any CPU
		{B4702DC9-63EA-4FEC-BEDC-F606C9BDCC02}.Debug|iPhone.Deploy.0 = Debug|Any CPU
		{B4702DC9-63EA-4FEC-BEDC-F606C9BDCC02}.Debug|iPhoneSimulator.ActiveCfg = Debug|Any CPU
		{B4702DC9-63EA-4FEC-BEDC-F606C9BDCC02}.Debug|iPhoneSimulator.Build.0 = Debug|Any CPU
		{B4702DC9-63EA-4FEC-BEDC-F606C9BDCC02}.Debug|iPhoneSimulator.Deploy.0 = Debug|Any CPU
		{B4702DC9-63EA-4FEC-BEDC-F606C9BDCC02}.Release|Any CPU.ActiveCfg = Release|Any CPU
		{B4702DC9-63EA-4FEC-BEDC-F606C9BDCC02}.Release|Any CPU.Build.0 = Release|Any CPU
		{B4702DC9-63EA-4FEC-BEDC-F606C9BDCC02}.Release|Any CPU.Deploy.0 = Release|Any CPU
		{B4702DC9-63EA-4FEC-BEDC-F606C9BDCC02}.Release|iPhone.ActiveCfg = Release|Any CPU
		{B4702DC9-63EA-4FEC-BEDC-F606C9BDCC02}.Release|iPhone.Build.0 = Release|Any CPU
		{B4702DC9-63EA-4FEC-BEDC-F606C9BDCC02}.Release|iPhone.Deploy.0 = Release|Any CPU
		{B4702DC9-63EA-4FEC-BEDC-F606C9BDCC02}.Release|iPhoneSimulator.ActiveCfg = Release|Any CPU
		{B4702DC9-63EA-4FEC-BEDC-F606C9BDCC02}.Release|iPhoneSimulator.Build.0 = Release|Any CPU
		{B4702DC9-63EA-4FEC-BEDC-F606C9BDCC02}.Release|iPhoneSimulator.Deploy.0 = Release|Any CPU
		{A977B2F6-8D3E-4024-9671-08CD903EA248}.Ad-Hoc|Any CPU.ActiveCfg = Ad-Hoc|iPhone
		{A977B2F6-8D3E-4024-9671-08CD903EA248}.Ad-Hoc|iPhone.ActiveCfg = Ad-Hoc|iPhone
		{A977B2F6-8D3E-4024-9671-08CD903EA248}.Ad-Hoc|iPhone.Build.0 = Ad-Hoc|iPhone
		{A977B2F6-8D3E-4024-9671-08CD903EA248}.Ad-Hoc|iPhoneSimulator.ActiveCfg = Ad-Hoc|iPhoneSimulator
		{A977B2F6-8D3E-4024-9671-08CD903EA248}.Ad-Hoc|iPhoneSimulator.Build.0 = Ad-Hoc|iPhoneSimulator
		{A977B2F6-8D3E-4024-9671-08CD903EA248}.AppStore|Any CPU.ActiveCfg = AppStore|iPhone
		{A977B2F6-8D3E-4024-9671-08CD903EA248}.AppStore|iPhone.ActiveCfg = AppStore|iPhone
		{A977B2F6-8D3E-4024-9671-08CD903EA248}.AppStore|iPhone.Build.0 = AppStore|iPhone
		{A977B2F6-8D3E-4024-9671-08CD903EA248}.AppStore|iPhoneSimulator.ActiveCfg = AppStore|iPhoneSimulator
		{A977B2F6-8D3E-4024-9671-08CD903EA248}.AppStore|iPhoneSimulator.Build.0 = AppStore|iPhoneSimulator
		{A977B2F6-8D3E-4024-9671-08CD903EA248}.Debug|Any CPU.ActiveCfg = Debug|iPhone
		{A977B2F6-8D3E-4024-9671-08CD903EA248}.Debug|iPhone.ActiveCfg = Debug|iPhone
		{A977B2F6-8D3E-4024-9671-08CD903EA248}.Debug|iPhone.Build.0 = Debug|iPhone
		{A977B2F6-8D3E-4024-9671-08CD903EA248}.Debug|iPhoneSimulator.ActiveCfg = Debug|iPhoneSimulator
		{A977B2F6-8D3E-4024-9671-08CD903EA248}.Debug|iPhoneSimulator.Build.0 = Debug|iPhoneSimulator
		{A977B2F6-8D3E-4024-9671-08CD903EA248}.Release|Any CPU.ActiveCfg = Release|iPhone
		{A977B2F6-8D3E-4024-9671-08CD903EA248}.Release|iPhone.ActiveCfg = Release|iPhone
		{A977B2F6-8D3E-4024-9671-08CD903EA248}.Release|iPhone.Build.0 = Release|iPhone
		{A977B2F6-8D3E-4024-9671-08CD903EA248}.Release|iPhoneSimulator.ActiveCfg = Release|iPhoneSimulator
		{A977B2F6-8D3E-4024-9671-08CD903EA248}.Release|iPhoneSimulator.Build.0 = Release|iPhoneSimulator
	EndGlobalSection
	GlobalSection(SolutionProperties) = preSolution
		HideSolutionNode = FALSE
	EndGlobalSection
EndGlobal
